// !$*UTF8*$!
{
	archiveVersion = 1;
	classes = {
	};
	objectVersion = 46;
	objects = {

/* Begin PBXBuildFile section */
		F4CB087A1C5A5D13007CB846 /* main.m in Sources */ = {isa = PBXBuildFile; fileRef = F4CB08791C5A5D13007CB846 /* main.m */; };
		F4CB087D1C5A5D13007CB846 /* AppDelegate.m in Sources */ = {isa = PBXBuildFile; fileRef = F4CB087C1C5A5D13007CB846 /* AppDelegate.m */; };
		F4CB08801C5A5D13007CB846 /* ViewController.m in Sources */ = {isa = PBXBuildFile; fileRef = F4CB087F1C5A5D13007CB846 /* ViewController.m */; };
		F4CB08831C5A5D13007CB846 /* Main.storyboard in Resources */ = {isa = PBXBuildFile; fileRef = F4CB08811C5A5D13007CB846 /* Main.storyboard */; };
		F4CB08851C5A5D13007CB846 /* Assets.xcassets in Resources */ = {isa = PBXBuildFile; fileRef = F4CB08841C5A5D13007CB846 /* Assets.xcassets */; };
		F4CB08881C5A5D13007CB846 /* LaunchScreen.storyboard in Resources */ = {isa = PBXBuildFile; fileRef = F4CB08861C5A5D13007CB846 /* LaunchScreen.storyboard */; };
		F4CB08931C5A5D13007CB846 /* RengarViewControllerTests.m in Sources */ = {isa = PBXBuildFile; fileRef = F4CB08921C5A5D13007CB846 /* RengarViewControllerTests.m */; };
		F4CB089E1C5A5D13007CB846 /* RengarViewControllerUITests.m in Sources */ = {isa = PBXBuildFile; fileRef = F4CB089D1C5A5D13007CB846 /* RengarViewControllerUITests.m */; };
		F4CB08BA1C5A5D23007CB846 /* RengarAlbumsViewController.m in Sources */ = {isa = PBXBuildFile; fileRef = F4CB08AD1C5A5D23007CB846 /* RengarAlbumsViewController.m */; };
		F4CB08BB1C5A5D23007CB846 /* RengarAlbumTableViewCell.m in Sources */ = {isa = PBXBuildFile; fileRef = F4CB08AF1C5A5D23007CB846 /* RengarAlbumTableViewCell.m */; };
		F4CB08BC1C5A5D23007CB846 /* RengarAlbumTableViewCell.xib in Resources */ = {isa = PBXBuildFile; fileRef = F4CB08B01C5A5D23007CB846 /* RengarAlbumTableViewCell.xib */; };
		F4CB08BD1C5A5D23007CB846 /* RengarAssetCollectionViewCell.m in Sources */ = {isa = PBXBuildFile; fileRef = F4CB08B21C5A5D23007CB846 /* RengarAssetCollectionViewCell.m */; };
		F4CB08BE1C5A5D23007CB846 /* RengarAssetCollectionViewCell.xib in Resources */ = {isa = PBXBuildFile; fileRef = F4CB08B31C5A5D23007CB846 /* RengarAssetCollectionViewCell.xib */; };
		F4CB08BF1C5A5D23007CB846 /* RengarBottomBar.m in Sources */ = {isa = PBXBuildFile; fileRef = F4CB08B51C5A5D23007CB846 /* RengarBottomBar.m */; };
		F4CB08C01C5A5D23007CB846 /* RengarPanelView.m in Sources */ = {isa = PBXBuildFile; fileRef = F4CB08B71C5A5D23007CB846 /* RengarPanelView.m */; };
		F4CB08C11C5A5D23007CB846 /* RengarViewController.m in Sources */ = {isa = PBXBuildFile; fileRef = F4CB08B91C5A5D23007CB846 /* RengarViewController.m */; };
		F4CB08DC1C5A5D6C007CB846 /* MASCompositeConstraint.m in Sources */ = {isa = PBXBuildFile; fileRef = F4CB08C61C5A5D6C007CB846 /* MASCompositeConstraint.m */; };
		F4CB08DD1C5A5D6C007CB846 /* MASConstraint.m in Sources */ = {isa = PBXBuildFile; fileRef = F4CB08C91C5A5D6C007CB846 /* MASConstraint.m */; };
		F4CB08DE1C5A5D6C007CB846 /* MASConstraintMaker.m in Sources */ = {isa = PBXBuildFile; fileRef = F4CB08CB1C5A5D6C007CB846 /* MASConstraintMaker.m */; };
		F4CB08DF1C5A5D6C007CB846 /* MASLayoutConstraint.m in Sources */ = {isa = PBXBuildFile; fileRef = F4CB08CD1C5A5D6C007CB846 /* MASLayoutConstraint.m */; };
		F4CB08E01C5A5D6C007CB846 /* MASViewAttribute.m in Sources */ = {isa = PBXBuildFile; fileRef = F4CB08D11C5A5D6C007CB846 /* MASViewAttribute.m */; };
		F4CB08E11C5A5D6C007CB846 /* MASViewConstraint.m in Sources */ = {isa = PBXBuildFile; fileRef = F4CB08D31C5A5D6C007CB846 /* MASViewConstraint.m */; };
		F4CB08E21C5A5D6C007CB846 /* NSArray+MASAdditions.m in Sources */ = {isa = PBXBuildFile; fileRef = F4CB08D51C5A5D6C007CB846 /* NSArray+MASAdditions.m */; };
		F4CB08E31C5A5D6C007CB846 /* NSLayoutConstraint+MASDebugAdditions.m in Sources */ = {isa = PBXBuildFile; fileRef = F4CB08D81C5A5D6C007CB846 /* NSLayoutConstraint+MASDebugAdditions.m */; };
		F4CB08E41C5A5D6C007CB846 /* View+MASAdditions.m in Sources */ = {isa = PBXBuildFile; fileRef = F4CB08DA1C5A5D6C007CB846 /* View+MASAdditions.m */; };
		F4CB08E71C5A5DF8007CB846 /* UIColor+Hex.m in Sources */ = {isa = PBXBuildFile; fileRef = F4CB08E61C5A5DF8007CB846 /* UIColor+Hex.m */; };
		F4CB08EA1C5A5E4D007CB846 /* QBCheckmarkView.m in Sources */ = {isa = PBXBuildFile; fileRef = F4CB08E91C5A5E4D007CB846 /* QBCheckmarkView.m */; };
		F4CB08ED1C5A5E9C007CB846 /* SZTextView.m in Sources */ = {isa = PBXBuildFile; fileRef = F4CB08EC1C5A5E9C007CB846 /* SZTextView.m */; };
/* End PBXBuildFile section */

/* Begin PBXContainerItemProxy section */
		F4CB088F1C5A5D13007CB846 /* PBXContainerItemProxy */ = {
			isa = PBXContainerItemProxy;
			containerPortal = F4CB086D1C5A5D13007CB846 /* Project object */;
			proxyType = 1;
			remoteGlobalIDString = F4CB08741C5A5D13007CB846;
			remoteInfo = RengarViewController;
		};
		F4CB089A1C5A5D13007CB846 /* PBXContainerItemProxy */ = {
			isa = PBXContainerItemProxy;
			containerPortal = F4CB086D1C5A5D13007CB846 /* Project object */;
			proxyType = 1;
			remoteGlobalIDString = F4CB08741C5A5D13007CB846;
			remoteInfo = RengarViewController;
		};
/* End PBXContainerItemProxy section */

/* Begin PBXFileReference section */
		F4CB08751C5A5D13007CB846 /* RengarViewController.app */ = {isa = PBXFileReference; explicitFileType = wrapper.application; includeInIndex = 0; path = RengarViewController.app; sourceTree = BUILT_PRODUCTS_DIR; };
		F4CB08791C5A5D13007CB846 /* main.m */ = {isa = PBXFileReference; lastKnownFileType = sourcecode.c.objc; path = main.m; sourceTree = "<group>"; };
		F4CB087B1C5A5D13007CB846 /* AppDelegate.h */ = {isa = PBXFileReference; lastKnownFileType = sourcecode.c.h; path = AppDelegate.h; sourceTree = "<group>"; };
		F4CB087C1C5A5D13007CB846 /* AppDelegate.m */ = {isa = PBXFileReference; lastKnownFileType = sourcecode.c.objc; path = AppDelegate.m; sourceTree = "<group>"; };
		F4CB087E1C5A5D13007CB846 /* ViewController.h */ = {isa = PBXFileReference; lastKnownFileType = sourcecode.c.h; path = ViewController.h; sourceTree = "<group>"; };
		F4CB087F1C5A5D13007CB846 /* ViewController.m */ = {isa = PBXFileReference; lastKnownFileType = sourcecode.c.objc; path = ViewController.m; sourceTree = "<group>"; };
		F4CB08821C5A5D13007CB846 /* Base */ = {isa = PBXFileReference; lastKnownFileType = file.storyboard; name = Base; path = Base.lproj/Main.storyboard; sourceTree = "<group>"; };
		F4CB08841C5A5D13007CB846 /* Assets.xcassets */ = {isa = PBXFileReference; lastKnownFileType = folder.assetcatalog; path = Assets.xcassets; sourceTree = "<group>"; };
		F4CB08871C5A5D13007CB846 /* Base */ = {isa = PBXFileReference; lastKnownFileType = file.storyboard; name = Base; path = Base.lproj/LaunchScreen.storyboard; sourceTree = "<group>"; };
		F4CB08891C5A5D13007CB846 /* Info.plist */ = {isa = PBXFileReference; lastKnownFileType = text.plist.xml; path = Info.plist; sourceTree = "<group>"; };
		F4CB088E1C5A5D13007CB846 /* RengarViewControllerTests.xctest */ = {isa = PBXFileReference; explicitFileType = wrapper.cfbundle; includeInIndex = 0; path = RengarViewControllerTests.xctest; sourceTree = BUILT_PRODUCTS_DIR; };
		F4CB08921C5A5D13007CB846 /* RengarViewControllerTests.m */ = {isa = PBXFileReference; lastKnownFileType = sourcecode.c.objc; path = RengarViewControllerTests.m; sourceTree = "<group>"; };
		F4CB08941C5A5D13007CB846 /* Info.plist */ = {isa = PBXFileReference; lastKnownFileType = text.plist.xml; path = Info.plist; sourceTree = "<group>"; };
		F4CB08991C5A5D13007CB846 /* RengarViewControllerUITests.xctest */ = {isa = PBXFileReference; explicitFileType = wrapper.cfbundle; includeInIndex = 0; path = RengarViewControllerUITests.xctest; sourceTree = BUILT_PRODUCTS_DIR; };
		F4CB089D1C5A5D13007CB846 /* RengarViewControllerUITests.m */ = {isa = PBXFileReference; lastKnownFileType = sourcecode.c.objc; path = RengarViewControllerUITests.m; sourceTree = "<group>"; };
		F4CB089F1C5A5D13007CB846 /* Info.plist */ = {isa = PBXFileReference; lastKnownFileType = text.plist.xml; path = Info.plist; sourceTree = "<group>"; };
		F4CB08AC1C5A5D23007CB846 /* RengarAlbumsViewController.h */ = {isa = PBXFileReference; fileEncoding = 4; lastKnownFileType = sourcecode.c.h; path = RengarAlbumsViewController.h; sourceTree = "<group>"; };
		F4CB08AD1C5A5D23007CB846 /* RengarAlbumsViewController.m */ = {isa = PBXFileReference; fileEncoding = 4; lastKnownFileType = sourcecode.c.objc; path = RengarAlbumsViewController.m; sourceTree = "<group>"; };
		F4CB08AE1C5A5D23007CB846 /* RengarAlbumTableViewCell.h */ = {isa = PBXFileReference; fileEncoding = 4; lastKnownFileType = sourcecode.c.h; path = RengarAlbumTableViewCell.h; sourceTree = "<group>"; };
		F4CB08AF1C5A5D23007CB846 /* RengarAlbumTableViewCell.m */ = {isa = PBXFileReference; fileEncoding = 4; lastKnownFileType = sourcecode.c.objc; path = RengarAlbumTableViewCell.m; sourceTree = "<group>"; };
		F4CB08B01C5A5D23007CB846 /* RengarAlbumTableViewCell.xib */ = {isa = PBXFileReference; fileEncoding = 4; lastKnownFileType = file.xib; path = RengarAlbumTableViewCell.xib; sourceTree = "<group>"; };
		F4CB08B11C5A5D23007CB846 /* RengarAssetCollectionViewCell.h */ = {isa = PBXFileReference; fileEncoding = 4; lastKnownFileType = sourcecode.c.h; path = RengarAssetCollectionViewCell.h; sourceTree = "<group>"; };
		F4CB08B21C5A5D23007CB846 /* RengarAssetCollectionViewCell.m */ = {isa = PBXFileReference; fileEncoding = 4; lastKnownFileType = sourcecode.c.objc; path = RengarAssetCollectionViewCell.m; sourceTree = "<group>"; };
		F4CB08B31C5A5D23007CB846 /* RengarAssetCollectionViewCell.xib */ = {isa = PBXFileReference; fileEncoding = 4; lastKnownFileType = file.xib; path = RengarAssetCollectionViewCell.xib; sourceTree = "<group>"; };
		F4CB08B41C5A5D23007CB846 /* RengarBottomBar.h */ = {isa = PBXFileReference; fileEncoding = 4; lastKnownFileType = sourcecode.c.h; path = RengarBottomBar.h; sourceTree = "<group>"; };
		F4CB08B51C5A5D23007CB846 /* RengarBottomBar.m */ = {isa = PBXFileReference; fileEncoding = 4; lastKnownFileType = sourcecode.c.objc; path = RengarBottomBar.m; sourceTree = "<group>"; };
		F4CB08B61C5A5D23007CB846 /* RengarPanelView.h */ = {isa = PBXFileReference; fileEncoding = 4; lastKnownFileType = sourcecode.c.h; path = RengarPanelView.h; sourceTree = "<group>"; };
		F4CB08B71C5A5D23007CB846 /* RengarPanelView.m */ = {isa = PBXFileReference; fileEncoding = 4; lastKnownFileType = sourcecode.c.objc; path = RengarPanelView.m; sourceTree = "<group>"; };
		F4CB08B81C5A5D23007CB846 /* RengarViewController.h */ = {isa = PBXFileReference; fileEncoding = 4; lastKnownFileType = sourcecode.c.h; path = RengarViewController.h; sourceTree = "<group>"; };
		F4CB08B91C5A5D23007CB846 /* RengarViewController.m */ = {isa = PBXFileReference; fileEncoding = 4; lastKnownFileType = sourcecode.c.objc; path = RengarViewController.m; sourceTree = "<group>"; };
		F4CB08C51C5A5D6C007CB846 /* MASCompositeConstraint.h */ = {isa = PBXFileReference; fileEncoding = 4; lastKnownFileType = sourcecode.c.h; path = MASCompositeConstraint.h; sourceTree = "<group>"; };
		F4CB08C61C5A5D6C007CB846 /* MASCompositeConstraint.m */ = {isa = PBXFileReference; fileEncoding = 4; lastKnownFileType = sourcecode.c.objc; path = MASCompositeConstraint.m; sourceTree = "<group>"; };
		F4CB08C71C5A5D6C007CB846 /* MASConstraint+Private.h */ = {isa = PBXFileReference; fileEncoding = 4; lastKnownFileType = sourcecode.c.h; path = "MASConstraint+Private.h"; sourceTree = "<group>"; };
		F4CB08C81C5A5D6C007CB846 /* MASConstraint.h */ = {isa = PBXFileReference; fileEncoding = 4; lastKnownFileType = sourcecode.c.h; path = MASConstraint.h; sourceTree = "<group>"; };
		F4CB08C91C5A5D6C007CB846 /* MASConstraint.m */ = {isa = PBXFileReference; fileEncoding = 4; lastKnownFileType = sourcecode.c.objc; path = MASConstraint.m; sourceTree = "<group>"; };
		F4CB08CA1C5A5D6C007CB846 /* MASConstraintMaker.h */ = {isa = PBXFileReference; fileEncoding = 4; lastKnownFileType = sourcecode.c.h; path = MASConstraintMaker.h; sourceTree = "<group>"; };
		F4CB08CB1C5A5D6C007CB846 /* MASConstraintMaker.m */ = {isa = PBXFileReference; fileEncoding = 4; lastKnownFileType = sourcecode.c.objc; path = MASConstraintMaker.m; sourceTree = "<group>"; };
		F4CB08CC1C5A5D6C007CB846 /* MASLayoutConstraint.h */ = {isa = PBXFileReference; fileEncoding = 4; lastKnownFileType = sourcecode.c.h; path = MASLayoutConstraint.h; sourceTree = "<group>"; };
		F4CB08CD1C5A5D6C007CB846 /* MASLayoutConstraint.m */ = {isa = PBXFileReference; fileEncoding = 4; lastKnownFileType = sourcecode.c.objc; path = MASLayoutConstraint.m; sourceTree = "<group>"; };
		F4CB08CE1C5A5D6C007CB846 /* Masonry.h */ = {isa = PBXFileReference; fileEncoding = 4; lastKnownFileType = sourcecode.c.h; path = Masonry.h; sourceTree = "<group>"; };
		F4CB08CF1C5A5D6C007CB846 /* MASUtilities.h */ = {isa = PBXFileReference; fileEncoding = 4; lastKnownFileType = sourcecode.c.h; path = MASUtilities.h; sourceTree = "<group>"; };
		F4CB08D01C5A5D6C007CB846 /* MASViewAttribute.h */ = {isa = PBXFileReference; fileEncoding = 4; lastKnownFileType = sourcecode.c.h; path = MASViewAttribute.h; sourceTree = "<group>"; };
		F4CB08D11C5A5D6C007CB846 /* MASViewAttribute.m */ = {isa = PBXFileReference; fileEncoding = 4; lastKnownFileType = sourcecode.c.objc; path = MASViewAttribute.m; sourceTree = "<group>"; };
		F4CB08D21C5A5D6C007CB846 /* MASViewConstraint.h */ = {isa = PBXFileReference; fileEncoding = 4; lastKnownFileType = sourcecode.c.h; path = MASViewConstraint.h; sourceTree = "<group>"; };
		F4CB08D31C5A5D6C007CB846 /* MASViewConstraint.m */ = {isa = PBXFileReference; fileEncoding = 4; lastKnownFileType = sourcecode.c.objc; path = MASViewConstraint.m; sourceTree = "<group>"; };
		F4CB08D41C5A5D6C007CB846 /* NSArray+MASAdditions.h */ = {isa = PBXFileReference; fileEncoding = 4; lastKnownFileType = sourcecode.c.h; path = "NSArray+MASAdditions.h"; sourceTree = "<group>"; };
		F4CB08D51C5A5D6C007CB846 /* NSArray+MASAdditions.m */ = {isa = PBXFileReference; fileEncoding = 4; lastKnownFileType = sourcecode.c.objc; path = "NSArray+MASAdditions.m"; sourceTree = "<group>"; };
		F4CB08D61C5A5D6C007CB846 /* NSArray+MASShorthandAdditions.h */ = {isa = PBXFileReference; fileEncoding = 4; lastKnownFileType = sourcecode.c.h; path = "NSArray+MASShorthandAdditions.h"; sourceTree = "<group>"; };
		F4CB08D71C5A5D6C007CB846 /* NSLayoutConstraint+MASDebugAdditions.h */ = {isa = PBXFileReference; fileEncoding = 4; lastKnownFileType = sourcecode.c.h; path = "NSLayoutConstraint+MASDebugAdditions.h"; sourceTree = "<group>"; };
		F4CB08D81C5A5D6C007CB846 /* NSLayoutConstraint+MASDebugAdditions.m */ = {isa = PBXFileReference; fileEncoding = 4; lastKnownFileType = sourcecode.c.objc; path = "NSLayoutConstraint+MASDebugAdditions.m"; sourceTree = "<group>"; };
		F4CB08D91C5A5D6C007CB846 /* View+MASAdditions.h */ = {isa = PBXFileReference; fileEncoding = 4; lastKnownFileType = sourcecode.c.h; path = "View+MASAdditions.h"; sourceTree = "<group>"; };
		F4CB08DA1C5A5D6C007CB846 /* View+MASAdditions.m */ = {isa = PBXFileReference; fileEncoding = 4; lastKnownFileType = sourcecode.c.objc; path = "View+MASAdditions.m"; sourceTree = "<group>"; };
		F4CB08DB1C5A5D6C007CB846 /* View+MASShorthandAdditions.h */ = {isa = PBXFileReference; fileEncoding = 4; lastKnownFileType = sourcecode.c.h; path = "View+MASShorthandAdditions.h"; sourceTree = "<group>"; };
		F4CB08E51C5A5DF8007CB846 /* UIColor+Hex.h */ = {isa = PBXFileReference; fileEncoding = 4; lastKnownFileType = sourcecode.c.h; path = "UIColor+Hex.h"; sourceTree = "<group>"; };
		F4CB08E61C5A5DF8007CB846 /* UIColor+Hex.m */ = {isa = PBXFileReference; fileEncoding = 4; lastKnownFileType = sourcecode.c.objc; path = "UIColor+Hex.m"; sourceTree = "<group>"; };
		F4CB08E81C5A5E4D007CB846 /* QBCheckmarkView.h */ = {isa = PBXFileReference; fileEncoding = 4; lastKnownFileType = sourcecode.c.h; name = QBCheckmarkView.h; path = ../QBCheckmarkView.h; sourceTree = "<group>"; };
		F4CB08E91C5A5E4D007CB846 /* QBCheckmarkView.m */ = {isa = PBXFileReference; fileEncoding = 4; lastKnownFileType = sourcecode.c.objc; name = QBCheckmarkView.m; path = ../QBCheckmarkView.m; sourceTree = "<group>"; };
		F4CB08EB1C5A5E9C007CB846 /* SZTextView.h */ = {isa = PBXFileReference; fileEncoding = 4; lastKnownFileType = sourcecode.c.h; name = SZTextView.h; path = ../SZTextView.h; sourceTree = "<group>"; };
		F4CB08EC1C5A5E9C007CB846 /* SZTextView.m */ = {isa = PBXFileReference; fileEncoding = 4; lastKnownFileType = sourcecode.c.objc; name = SZTextView.m; path = ../SZTextView.m; sourceTree = "<group>"; };
/* End PBXFileReference section */

/* Begin PBXFrameworksBuildPhase section */
		F4CB08721C5A5D13007CB846 /* Frameworks */ = {
			isa = PBXFrameworksBuildPhase;
			buildActionMask = 2147483647;
			files = (
			);
			runOnlyForDeploymentPostprocessing = 0;
		};
		F4CB088B1C5A5D13007CB846 /* Frameworks */ = {
			isa = PBXFrameworksBuildPhase;
			buildActionMask = 2147483647;
			files = (
			);
			runOnlyForDeploymentPostprocessing = 0;
		};
		F4CB08961C5A5D13007CB846 /* Frameworks */ = {
			isa = PBXFrameworksBuildPhase;
			buildActionMask = 2147483647;
			files = (
			);
			runOnlyForDeploymentPostprocessing = 0;
		};
/* End PBXFrameworksBuildPhase section */

/* Begin PBXGroup section */
		F4CB086C1C5A5D13007CB846 = {
			isa = PBXGroup;
			children = (
				F4CB08771C5A5D13007CB846 /* RengarViewController */,
				F4CB08911C5A5D13007CB846 /* RengarViewControllerTests */,
				F4CB089C1C5A5D13007CB846 /* RengarViewControllerUITests */,
				F4CB08761C5A5D13007CB846 /* Products */,
			);
			sourceTree = "<group>";
		};
		F4CB08761C5A5D13007CB846 /* Products */ = {
			isa = PBXGroup;
			children = (
				F4CB08751C5A5D13007CB846 /* RengarViewController.app */,
				F4CB088E1C5A5D13007CB846 /* RengarViewControllerTests.xctest */,
				F4CB08991C5A5D13007CB846 /* RengarViewControllerUITests.xctest */,
			);
			name = Products;
			sourceTree = "<group>";
		};
		F4CB08771C5A5D13007CB846 /* RengarViewController */ = {
			isa = PBXGroup;
			children = (
				F4CB08C41C5A5D6C007CB846 /* Masonry */,
				F4CB08AB1C5A5D23007CB846 /* rengar */,
				F4CB087B1C5A5D13007CB846 /* AppDelegate.h */,
				F4CB087C1C5A5D13007CB846 /* AppDelegate.m */,
				F4CB087E1C5A5D13007CB846 /* ViewController.h */,
				F4CB087F1C5A5D13007CB846 /* ViewController.m */,
				F4CB08811C5A5D13007CB846 /* Main.storyboard */,
				F4CB08841C5A5D13007CB846 /* Assets.xcassets */,
				F4CB08861C5A5D13007CB846 /* LaunchScreen.storyboard */,
				F4CB08E51C5A5DF8007CB846 /* UIColor+Hex.h */,
				F4CB08E61C5A5DF8007CB846 /* UIColor+Hex.m */,
				F4CB08891C5A5D13007CB846 /* Info.plist */,
				F4CB08781C5A5D13007CB846 /* Supporting Files */,
			);
			path = RengarViewController;
			sourceTree = "<group>";
		};
		F4CB08781C5A5D13007CB846 /* Supporting Files */ = {
			isa = PBXGroup;
			children = (
				F4CB08791C5A5D13007CB846 /* main.m */,
			);
			name = "Supporting Files";
			sourceTree = "<group>";
		};
		F4CB08911C5A5D13007CB846 /* RengarViewControllerTests */ = {
			isa = PBXGroup;
			children = (
				F4CB08921C5A5D13007CB846 /* RengarViewControllerTests.m */,
				F4CB08941C5A5D13007CB846 /* Info.plist */,
			);
			path = RengarViewControllerTests;
			sourceTree = "<group>";
		};
		F4CB089C1C5A5D13007CB846 /* RengarViewControllerUITests */ = {
			isa = PBXGroup;
			children = (
				F4CB089D1C5A5D13007CB846 /* RengarViewControllerUITests.m */,
				F4CB089F1C5A5D13007CB846 /* Info.plist */,
			);
			path = RengarViewControllerUITests;
			sourceTree = "<group>";
		};
		F4CB08AB1C5A5D23007CB846 /* rengar */ = {
			isa = PBXGroup;
			children = (
				F4CB08B81C5A5D23007CB846 /* RengarViewController.h */,
				F4CB08B91C5A5D23007CB846 /* RengarViewController.m */,
				F4CB08AC1C5A5D23007CB846 /* RengarAlbumsViewController.h */,
				F4CB08AD1C5A5D23007CB846 /* RengarAlbumsViewController.m */,
				F4CB08AE1C5A5D23007CB846 /* RengarAlbumTableViewCell.h */,
				F4CB08AF1C5A5D23007CB846 /* RengarAlbumTableViewCell.m */,
				F4CB08B01C5A5D23007CB846 /* RengarAlbumTableViewCell.xib */,
				F4CB08B11C5A5D23007CB846 /* RengarAssetCollectionViewCell.h */,
				F4CB08B21C5A5D23007CB846 /* RengarAssetCollectionViewCell.m */,
				F4CB08B31C5A5D23007CB846 /* RengarAssetCollectionViewCell.xib */,
				F4CB08B41C5A5D23007CB846 /* RengarBottomBar.h */,
				F4CB08B51C5A5D23007CB846 /* RengarBottomBar.m */,
				F4CB08B61C5A5D23007CB846 /* RengarPanelView.h */,
				F4CB08B71C5A5D23007CB846 /* RengarPanelView.m */,
				F4CB08E81C5A5E4D007CB846 /* QBCheckmarkView.h */,
				F4CB08E91C5A5E4D007CB846 /* QBCheckmarkView.m */,
				F4CB08EB1C5A5E9C007CB846 /* SZTextView.h */,
				F4CB08EC1C5A5E9C007CB846 /* SZTextView.m */,
			);
			path = rengar;
			sourceTree = "<group>";
		};
		F4CB08C41C5A5D6C007CB846 /* Masonry */ = {
			isa = PBXGroup;
			children = (
				F4CB08C51C5A5D6C007CB846 /* MASCompositeConstraint.h */,
				F4CB08C61C5A5D6C007CB846 /* MASCompositeConstraint.m */,
				F4CB08C71C5A5D6C007CB846 /* MASConstraint+Private.h */,
				F4CB08C81C5A5D6C007CB846 /* MASConstraint.h */,
				F4CB08C91C5A5D6C007CB846 /* MASConstraint.m */,
				F4CB08CA1C5A5D6C007CB846 /* MASConstraintMaker.h */,
				F4CB08CB1C5A5D6C007CB846 /* MASConstraintMaker.m */,
				F4CB08CC1C5A5D6C007CB846 /* MASLayoutConstraint.h */,
				F4CB08CD1C5A5D6C007CB846 /* MASLayoutConstraint.m */,
				F4CB08CE1C5A5D6C007CB846 /* Masonry.h */,
				F4CB08CF1C5A5D6C007CB846 /* MASUtilities.h */,
				F4CB08D01C5A5D6C007CB846 /* MASViewAttribute.h */,
				F4CB08D11C5A5D6C007CB846 /* MASViewAttribute.m */,
				F4CB08D21C5A5D6C007CB846 /* MASViewConstraint.h */,
				F4CB08D31C5A5D6C007CB846 /* MASViewConstraint.m */,
				F4CB08D41C5A5D6C007CB846 /* NSArray+MASAdditions.h */,
				F4CB08D51C5A5D6C007CB846 /* NSArray+MASAdditions.m */,
				F4CB08D61C5A5D6C007CB846 /* NSArray+MASShorthandAdditions.h */,
				F4CB08D71C5A5D6C007CB846 /* NSLayoutConstraint+MASDebugAdditions.h */,
				F4CB08D81C5A5D6C007CB846 /* NSLayoutConstraint+MASDebugAdditions.m */,
				F4CB08D91C5A5D6C007CB846 /* View+MASAdditions.h */,
				F4CB08DA1C5A5D6C007CB846 /* View+MASAdditions.m */,
				F4CB08DB1C5A5D6C007CB846 /* View+MASShorthandAdditions.h */,
			);
			path = Masonry;
			sourceTree = "<group>";
		};
/* End PBXGroup section */

/* Begin PBXNativeTarget section */
		F4CB08741C5A5D13007CB846 /* RengarViewController */ = {
			isa = PBXNativeTarget;
			buildConfigurationList = F4CB08A21C5A5D13007CB846 /* Build configuration list for PBXNativeTarget "RengarViewController" */;
			buildPhases = (
				F4CB08711C5A5D13007CB846 /* Sources */,
				F4CB08721C5A5D13007CB846 /* Frameworks */,
				F4CB08731C5A5D13007CB846 /* Resources */,
			);
			buildRules = (
			);
			dependencies = (
			);
			name = RengarViewController;
			productName = RengarViewController;
			productReference = F4CB08751C5A5D13007CB846 /* RengarViewController.app */;
			productType = "com.apple.product-type.application";
		};
		F4CB088D1C5A5D13007CB846 /* RengarViewControllerTests */ = {
			isa = PBXNativeTarget;
			buildConfigurationList = F4CB08A51C5A5D13007CB846 /* Build configuration list for PBXNativeTarget "RengarViewControllerTests" */;
			buildPhases = (
				F4CB088A1C5A5D13007CB846 /* Sources */,
				F4CB088B1C5A5D13007CB846 /* Frameworks */,
				F4CB088C1C5A5D13007CB846 /* Resources */,
			);
			buildRules = (
			);
			dependencies = (
				F4CB08901C5A5D13007CB846 /* PBXTargetDependency */,
			);
			name = RengarViewControllerTests;
			productName = RengarViewControllerTests;
			productReference = F4CB088E1C5A5D13007CB846 /* RengarViewControllerTests.xctest */;
			productType = "com.apple.product-type.bundle.unit-test";
		};
		F4CB08981C5A5D13007CB846 /* RengarViewControllerUITests */ = {
			isa = PBXNativeTarget;
			buildConfigurationList = F4CB08A81C5A5D13007CB846 /* Build configuration list for PBXNativeTarget "RengarViewControllerUITests" */;
			buildPhases = (
				F4CB08951C5A5D13007CB846 /* Sources */,
				F4CB08961C5A5D13007CB846 /* Frameworks */,
				F4CB08971C5A5D13007CB846 /* Resources */,
			);
			buildRules = (
			);
			dependencies = (
				F4CB089B1C5A5D13007CB846 /* PBXTargetDependency */,
			);
			name = RengarViewControllerUITests;
			productName = RengarViewControllerUITests;
			productReference = F4CB08991C5A5D13007CB846 /* RengarViewControllerUITests.xctest */;
			productType = "com.apple.product-type.bundle.ui-testing";
		};
/* End PBXNativeTarget section */

/* Begin PBXProject section */
		F4CB086D1C5A5D13007CB846 /* Project object */ = {
			isa = PBXProject;
			attributes = {
				LastUpgradeCheck = 0720;
				ORGANIZATIONNAME = chenpeiwei;
				TargetAttributes = {
					F4CB08741C5A5D13007CB846 = {
						CreatedOnToolsVersion = 7.2;
					};
					F4CB088D1C5A5D13007CB846 = {
						CreatedOnToolsVersion = 7.2;
						TestTargetID = F4CB08741C5A5D13007CB846;
					};
					F4CB08981C5A5D13007CB846 = {
						CreatedOnToolsVersion = 7.2;
						TestTargetID = F4CB08741C5A5D13007CB846;
					};
				};
			};
			buildConfigurationList = F4CB08701C5A5D13007CB846 /* Build configuration list for PBXProject "RengarViewController" */;
			compatibilityVersion = "Xcode 3.2";
			developmentRegion = English;
			hasScannedForEncodings = 0;
			knownRegions = (
				en,
				Base,
			);
			mainGroup = F4CB086C1C5A5D13007CB846;
			productRefGroup = F4CB08761C5A5D13007CB846 /* Products */;
			projectDirPath = "";
			projectRoot = "";
			targets = (
				F4CB08741C5A5D13007CB846 /* RengarViewController */,
				F4CB088D1C5A5D13007CB846 /* RengarViewControllerTests */,
				F4CB08981C5A5D13007CB846 /* RengarViewControllerUITests */,
			);
		};
/* End PBXProject section */

/* Begin PBXResourcesBuildPhase section */
		F4CB08731C5A5D13007CB846 /* Resources */ = {
			isa = PBXResourcesBuildPhase;
			buildActionMask = 2147483647;
			files = (
				F4CB08BC1C5A5D23007CB846 /* RengarAlbumTableViewCell.xib in Resources */,
				F4CB08881C5A5D13007CB846 /* LaunchScreen.storyboard in Resources */,
				F4CB08851C5A5D13007CB846 /* Assets.xcassets in Resources */,
				F4CB08831C5A5D13007CB846 /* Main.storyboard in Resources */,
				F4CB08BE1C5A5D23007CB846 /* RengarAssetCollectionViewCell.xib in Resources */,
			);
			runOnlyForDeploymentPostprocessing = 0;
		};
		F4CB088C1C5A5D13007CB846 /* Resources */ = {
			isa = PBXResourcesBuildPhase;
			buildActionMask = 2147483647;
			files = (
			);
			runOnlyForDeploymentPostprocessing = 0;
		};
		F4CB08971C5A5D13007CB846 /* Resources */ = {
			isa = PBXResourcesBuildPhase;
			buildActionMask = 2147483647;
			files = (
			);
			runOnlyForDeploymentPostprocessing = 0;
		};
/* End PBXResourcesBuildPhase section */

/* Begin PBXSourcesBuildPhase section */
		F4CB08711C5A5D13007CB846 /* Sources */ = {
			isa = PBXSourcesBuildPhase;
			buildActionMask = 2147483647;
			files = (
				F4CB08E11C5A5D6C007CB846 /* MASViewConstraint.m in Sources */,
				F4CB08E71C5A5DF8007CB846 /* UIColor+Hex.m in Sources */,
				F4CB08BD1C5A5D23007CB846 /* RengarAssetCollectionViewCell.m in Sources */,
				F4CB08EA1C5A5E4D007CB846 /* QBCheckmarkView.m in Sources */,
				F4CB08E01C5A5D6C007CB846 /* MASViewAttribute.m in Sources */,
				F4CB08801C5A5D13007CB846 /* ViewController.m in Sources */,
				F4CB08BA1C5A5D23007CB846 /* RengarAlbumsViewController.m in Sources */,
				F4CB087D1C5A5D13007CB846 /* AppDelegate.m in Sources */,
				F4CB08DC1C5A5D6C007CB846 /* MASCompositeConstraint.m in Sources */,
				F4CB08DE1C5A5D6C007CB846 /* MASConstraintMaker.m in Sources */,
				F4CB08E41C5A5D6C007CB846 /* View+MASAdditions.m in Sources */,
				F4CB08ED1C5A5E9C007CB846 /* SZTextView.m in Sources */,
				F4CB08DF1C5A5D6C007CB846 /* MASLayoutConstraint.m in Sources */,
				F4CB08DD1C5A5D6C007CB846 /* MASConstraint.m in Sources */,
				F4CB08BF1C5A5D23007CB846 /* RengarBottomBar.m in Sources */,
				F4CB08BB1C5A5D23007CB846 /* RengarAlbumTableViewCell.m in Sources */,
				F4CB08E21C5A5D6C007CB846 /* NSArray+MASAdditions.m in Sources */,
				F4CB08E31C5A5D6C007CB846 /* NSLayoutConstraint+MASDebugAdditions.m in Sources */,
				F4CB08C01C5A5D23007CB846 /* RengarPanelView.m in Sources */,
				F4CB087A1C5A5D13007CB846 /* main.m in Sources */,
				F4CB08C11C5A5D23007CB846 /* RengarViewController.m in Sources */,
			);
			runOnlyForDeploymentPostprocessing = 0;
		};
		F4CB088A1C5A5D13007CB846 /* Sources */ = {
			isa = PBXSourcesBuildPhase;
			buildActionMask = 2147483647;
			files = (
				F4CB08931C5A5D13007CB846 /* RengarViewControllerTests.m in Sources */,
			);
			runOnlyForDeploymentPostprocessing = 0;
		};
		F4CB08951C5A5D13007CB846 /* Sources */ = {
			isa = PBXSourcesBuildPhase;
			buildActionMask = 2147483647;
			files = (
				F4CB089E1C5A5D13007CB846 /* RengarViewControllerUITests.m in Sources */,
			);
			runOnlyForDeploymentPostprocessing = 0;
		};
/* End PBXSourcesBuildPhase section */

/* Begin PBXTargetDependency section */
		F4CB08901C5A5D13007CB846 /* PBXTargetDependency */ = {
			isa = PBXTargetDependency;
			target = F4CB08741C5A5D13007CB846 /* RengarViewController */;
			targetProxy = F4CB088F1C5A5D13007CB846 /* PBXContainerItemProxy */;
		};
		F4CB089B1C5A5D13007CB846 /* PBXTargetDependency */ = {
			isa = PBXTargetDependency;
			target = F4CB08741C5A5D13007CB846 /* RengarViewController */;
			targetProxy = F4CB089A1C5A5D13007CB846 /* PBXContainerItemProxy */;
		};
/* End PBXTargetDependency section */

/* Begin PBXVariantGroup section */
		F4CB08811C5A5D13007CB846 /* Main.storyboard */ = {
			isa = PBXVariantGroup;
			children = (
				F4CB08821C5A5D13007CB846 /* Base */,
			);
			name = Main.storyboard;
			sourceTree = "<group>";
		};
		F4CB08861C5A5D13007CB846 /* LaunchScreen.storyboard */ = {
			isa = PBXVariantGroup;
			children = (
				F4CB08871C5A5D13007CB846 /* Base */,
			);
			name = LaunchScreen.storyboard;
			sourceTree = "<group>";
		};
/* End PBXVariantGroup section */

/* Begin XCBuildConfiguration section */
		F4CB08A01C5A5D13007CB846 /* Debug */ = {
			isa = XCBuildConfiguration;
			buildSettings = {
				ALWAYS_SEARCH_USER_PATHS = NO;
				CLANG_CXX_LANGUAGE_STANDARD = "gnu++0x";
				CLANG_CXX_LIBRARY = "libc++";
				CLANG_ENABLE_MODULES = YES;
				CLANG_ENABLE_OBJC_ARC = YES;
				CLANG_WARN_BOOL_CONVERSION = YES;
				CLANG_WARN_CONSTANT_CONVERSION = YES;
				CLANG_WARN_DIRECT_OBJC_ISA_USAGE = YES_ERROR;
				CLANG_WARN_EMPTY_BODY = YES;
				CLANG_WARN_ENUM_CONVERSION = YES;
				CLANG_WARN_INT_CONVERSION = YES;
				CLANG_WARN_OBJC_ROOT_CLASS = YES_ERROR;
				CLANG_WARN_UNREACHABLE_CODE = YES;
				CLANG_WARN__DUPLICATE_METHOD_MATCH = YES;
				"CODE_SIGN_IDENTITY[sdk=iphoneos*]" = "iPhone Developer";
				COPY_PHASE_STRIP = NO;
				DEBUG_INFORMATION_FORMAT = dwarf;
				ENABLE_STRICT_OBJC_MSGSEND = YES;
				ENABLE_TESTABILITY = YES;
				GCC_C_LANGUAGE_STANDARD = gnu99;
				GCC_DYNAMIC_NO_PIC = NO;
				GCC_NO_COMMON_BLOCKS = YES;
				GCC_OPTIMIZATION_LEVEL = 0;
				GCC_PREPROCESSOR_DEFINITIONS = (
					"DEBUG=1",
					"$(inherited)",
				);
				GCC_WARN_64_TO_32_BIT_CONVERSION = YES;
				GCC_WARN_ABOUT_RETURN_TYPE = YES_ERROR;
				GCC_WARN_UNDECLARED_SELECTOR = YES;
				GCC_WARN_UNINITIALIZED_AUTOS = YES_AGGRESSIVE;
				GCC_WARN_UNUSED_FUNCTION = YES;
				GCC_WARN_UNUSED_VARIABLE = YES;
				IPHONEOS_DEPLOYMENT_TARGET = 9.2;
				MTL_ENABLE_DEBUG_INFO = YES;
				ONLY_ACTIVE_ARCH = YES;
				SDKROOT = iphoneos;
			};
			name = Debug;
		};
		F4CB08A11C5A5D13007CB846 /* Release */ = {
			isa = XCBuildConfiguration;
			buildSettings = {
				ALWAYS_SEARCH_USER_PATHS = NO;
				CLANG_CXX_LANGUAGE_STANDARD = "gnu++0x";
				CLANG_CXX_LIBRARY = "libc++";
				CLANG_ENABLE_MODULES = YES;
				CLANG_ENABLE_OBJC_ARC = YES;
				CLANG_WARN_BOOL_CONVERSION = YES;
				CLANG_WARN_CONSTANT_CONVERSION = YES;
				CLANG_WARN_DIRECT_OBJC_ISA_USAGE = YES_ERROR;
				CLANG_WARN_EMPTY_BODY = YES;
				CLANG_WARN_ENUM_CONVERSION = YES;
				CLANG_WARN_INT_CONVERSION = YES;
				CLANG_WARN_OBJC_ROOT_CLASS = YES_ERROR;
				CLANG_WARN_UNREACHABLE_CODE = YES;
				CLANG_WARN__DUPLICATE_METHOD_MATCH = YES;
				"CODE_SIGN_IDENTITY[sdk=iphoneos*]" = "iPhone Developer";
				COPY_PHASE_STRIP = NO;
				DEBUG_INFORMATION_FORMAT = "dwarf-with-dsym";
				ENABLE_NS_ASSERTIONS = NO;
				ENABLE_STRICT_OBJC_MSGSEND = YES;
				GCC_C_LANGUAGE_STANDARD = gnu99;
				GCC_NO_COMMON_BLOCKS = YES;
				GCC_WARN_64_TO_32_BIT_CONVERSION = YES;
				GCC_WARN_ABOUT_RETURN_TYPE = YES_ERROR;
				GCC_WARN_UNDECLARED_SELECTOR = YES;
				GCC_WARN_UNINITIALIZED_AUTOS = YES_AGGRESSIVE;
				GCC_WARN_UNUSED_FUNCTION = YES;
				GCC_WARN_UNUSED_VARIABLE = YES;
				IPHONEOS_DEPLOYMENT_TARGET = 9.2;
				MTL_ENABLE_DEBUG_INFO = NO;
				SDKROOT = iphoneos;
				VALIDATE_PRODUCT = YES;
			};
			name = Release;
		};
		F4CB08A31C5A5D13007CB846 /* Debug */ = {
			isa = XCBuildConfiguration;
			buildSettings = {
				ASSETCATALOG_COMPILER_APPICON_NAME = AppIcon;
				INFOPLIST_FILE = RengarViewController/Info.plist;
				LD_RUNPATH_SEARCH_PATHS = "$(inherited) @executable_path/Frameworks";
				PRODUCT_BUNDLE_IDENTIFIER = w.RengarViewController;
				PRODUCT_NAME = "$(TARGET_NAME)";
			};
			name = Debug;
		};
		F4CB08A41C5A5D13007CB846 /* Release */ = {
			isa = XCBuildConfiguration;
			buildSettings = {
				ASSETCATALOG_COMPILER_APPICON_NAME = AppIcon;
				INFOPLIST_FILE = RengarViewController/Info.plist;
				LD_RUNPATH_SEARCH_PATHS = "$(inherited) @executable_path/Frameworks";
				PRODUCT_BUNDLE_IDENTIFIER = w.RengarViewController;
				PRODUCT_NAME = "$(TARGET_NAME)";
			};
			name = Release;
		};
		F4CB08A61C5A5D13007CB846 /* Debug */ = {
			isa = XCBuildConfiguration;
			buildSettings = {
				BUNDLE_LOADER = "$(TEST_HOST)";
				INFOPLIST_FILE = RengarViewControllerTests/Info.plist;
				LD_RUNPATH_SEARCH_PATHS = "$(inherited) @executable_path/Frameworks @loader_path/Frameworks";
				PRODUCT_BUNDLE_IDENTIFIER = w.RengarViewControllerTests;
				PRODUCT_NAME = "$(TARGET_NAME)";
				TEST_HOST = "$(BUILT_PRODUCTS_DIR)/RengarViewController.app/RengarViewController";
			};
			name = Debug;
		};
		F4CB08A71C5A5D13007CB846 /* Release */ = {
			isa = XCBuildConfiguration;
			buildSettings = {
				BUNDLE_LOADER = "$(TEST_HOST)";
				INFOPLIST_FILE = RengarViewControllerTests/Info.plist;
				LD_RUNPATH_SEARCH_PATHS = "$(inherited) @executable_path/Frameworks @loader_path/Frameworks";
				PRODUCT_BUNDLE_IDENTIFIER = w.RengarViewControllerTests;
				PRODUCT_NAME = "$(TARGET_NAME)";
				TEST_HOST = "$(BUILT_PRODUCTS_DIR)/RengarViewController.app/RengarViewController";
			};
			name = Release;
		};
		F4CB08A91C5A5D13007CB846 /* Debug */ = {
			isa = XCBuildConfiguration;
			buildSettings = {
				INFOPLIST_FILE = RengarViewControllerUITests/Info.plist;
				LD_RUNPATH_SEARCH_PATHS = "$(inherited) @executable_path/Frameworks @loader_path/Frameworks";
				PRODUCT_BUNDLE_IDENTIFIER = w.RengarViewControllerUITests;
				PRODUCT_NAME = "$(TARGET_NAME)";
				TEST_TARGET_NAME = RengarViewController;
				USES_XCTRUNNER = YES;
			};
			name = Debug;
		};
		F4CB08AA1C5A5D13007CB846 /* Release */ = {
			isa = XCBuildConfiguration;
			buildSettings = {
				INFOPLIST_FILE = RengarViewControllerUITests/Info.plist;
				LD_RUNPATH_SEARCH_PATHS = "$(inherited) @executable_path/Frameworks @loader_path/Frameworks";
				PRODUCT_BUNDLE_IDENTIFIER = w.RengarViewControllerUITests;
				PRODUCT_NAME = "$(TARGET_NAME)";
				TEST_TARGET_NAME = RengarViewController;
				USES_XCTRUNNER = YES;
			};
			name = Release;
		};
/* End XCBuildConfiguration section */

/* Begin XCConfigurationList section */
		F4CB08701C5A5D13007CB846 /* Build configuration list for PBXProject "RengarViewController" */ = {
			isa = XCConfigurationList;
			buildConfigurations = (
				F4CB08A01C5A5D13007CB846 /* Debug */,
				F4CB08A11C5A5D13007CB846 /* Release */,
			);
			defaultConfigurationIsVisible = 0;
			defaultConfigurationName = Release;
		};
		F4CB08A21C5A5D13007CB846 /* Build configuration list for PBXNativeTarget "RengarViewController" */ = {
			isa = XCConfigurationList;
			buildConfigurations = (
				F4CB08A31C5A5D13007CB846 /* Debug */,
				F4CB08A41C5A5D13007CB846 /* Release */,
			);
			defaultConfigurationIsVisible = 0;
		};
		F4CB08A51C5A5D13007CB846 /* Build configuration list for PBXNativeTarget "RengarViewControllerTests" */ = {
			isa = XCConfigurationList;
			buildConfigurations = (
				F4CB08A61C5A5D13007CB846 /* Debug */,
				F4CB08A71C5A5D13007CB846 /* Release */,
			);
			defaultConfigurationIsVisible = 0;
		};
		F4CB08A81C5A5D13007CB846 /* Build configuration list for PBXNativeTarget "RengarViewControllerUITests" */ = {
			isa = XCConfigurationList;
			buildConfigurations = (
				F4CB08A91C5A5D13007CB846 /* Debug */,
				F4CB08AA1C5A5D13007CB846 /* Release */,
			);
			defaultConfigurationIsVisible = 0;
		};
/* End XCConfigurationList section */
	};
	rootObject = F4CB086D1C5A5D13007CB846 /* Project object */;
}
